
Microsoft Visual Studio Solution File, Format Version 12.00
# Visual Studio Version 17
VisualStudioVersion = 17.0.31903.59
MinimumVisualStudioVersion = 10.0.40219.1
Project("{FAE04EC0-301F-11D3-BF4B-00C04F79EFBC}") = "WebApi", "WebApi\WebApi.csproj", "{ED942921-9D58-4717-9A42-77FB1B767896}"
EndProject
Project("{FAE04EC0-301F-11D3-BF4B-00C04F79EFBC}") = "ComposedHealthBase.Server", "ComposedHealthBase\ComposedHealthBase.Server.csproj", "{C5B6477D-A680-4180-90B3-04A30DD57AEC}"
EndProject
Project("{2150E333-8FDC-42A3-9474-1A3956D46DE8}") = "Modules", "Modules", "{2B4606D8-1C11-49F3-95C0-ECFC56DB560E}"
EndProject
Project("{2150E333-8FDC-42A3-9474-1A3956D46DE8}") = "CRM", "CRM", "{DCC9D874-8EC5-42E6-9DD3-983AFA7094F6}"
EndProject
Project("{FAE04EC0-301F-11D3-BF4B-00C04F79EFBC}") = "Server.Modules.CRM.Endpoints", "Modules\CRM\Endpoints\Server.Modules.CRM.Endpoints.csproj", "{59EED1C1-1886-4CC3-A3C0-4B978B50037D}"
EndProject
Project("{FAE04EC0-301F-11D3-BF4B-00C04F79EFBC}") = "Server.Modules.CRM.Services", "Modules\CRM\Services\Server.Modules.CRM.Services.csproj", "{FDF749A5-A7C5-4C2F-A3D1-24CCA726B058}"
EndProject
Project("{FAE04EC0-301F-11D3-BF4B-00C04F79EFBC}") = "Server.Modules.CRM.Entities", "Modules\CRM\Entities\Server.Modules.CRM.Entities.csproj", "{DDD99BF1-4258-4D27-812A-DB15740A1A04}"
EndProject
Project("{FAE04EC0-301F-11D3-BF4B-00C04F79EFBC}") = "Server.Modules.CRM.Infrastructure", "Modules\CRM\Infrastructure\Server.Modules.CRM.Infrastructure.csproj", "{6212D520-89F9-4CB7-84E2-F3A437DFA874}"
EndProject
Project("{FAE04EC0-301F-11D3-BF4B-00C04F79EFBC}") = "Server.Modules.CRM.Application", "Modules\CRM\Application\Server.Modules.CRM.Application.csproj", "{1769D4DD-0D0E-4D62-9C6E-375DB8F9616D}"
EndProject
Project("{2150E333-8FDC-42A3-9474-1A3956D46DE8}") = "Scheduling", "Scheduling", "{15117C33-8F47-47CA-BD74-2C55D0CCD4AD}"
EndProject
Project("{FAE04EC0-301F-11D3-BF4B-00C04F79EFBC}") = "Server.Modules.Scheduling.Endpoints", "Modules\Scheduling\Endpoints\Server.Modules.Scheduling.Endpoints.csproj", "{5191A2E7-E565-47E6-8F5A-8C504B3135C1}"
EndProject
Project("{FAE04EC0-301F-11D3-BF4B-00C04F79EFBC}") = "Server.Modules.Scheduling.Services", "Modules\Scheduling\Services\Server.Modules.Scheduling.Services.csproj", "{2B46F7C2-7DB0-4F6C-B7DE-4499471BFD82}"
EndProject
Project("{FAE04EC0-301F-11D3-BF4B-00C04F79EFBC}") = "Server.Modules.Scheduling.Entities", "Modules\Scheduling\Entities\Server.Modules.Scheduling.Entities.csproj", "{1D1C9907-AA90-45CB-89F2-D48F3FFE1D2E}"
EndProject
Project("{FAE04EC0-301F-11D3-BF4B-00C04F79EFBC}") = "Server.Modules.Scheduling.Infrastructure", "Modules\Scheduling\Infrastructure\Server.Modules.Scheduling.Infrastructure.csproj", "{62B92503-F4EF-467C-B949-C3BA74F6BD02}"
EndProject
Project("{FAE04EC0-301F-11D3-BF4B-00C04F79EFBC}") = "Server.Modules.Scheduling.Application", "Modules\Scheduling\Application\Server.Modules.Scheduling.Application.csproj", "{08F4B609-849C-4DB7-891B-EEA8EAD28862}"
EndProject
Project("{FAE04EC0-301F-11D3-BF4B-00C04F79EFBC}") = "Server.Modules.CommonModule", "Modules\CommonModule\Server.Modules.CommonModule.csproj", "{448766C3-536C-40C8-9248-23DE51374EAF}"
EndProject
Global
	GlobalSection(SolutionConfigurationPlatforms) = preSolution
		Debug|Any CPU = Debug|Any CPU
		Release|Any CPU = Release|Any CPU
	EndGlobalSection
	GlobalSection(SolutionProperties) = preSolution
		HideSolutionNode = FALSE
	EndGlobalSection
	GlobalSection(ProjectConfigurationPlatforms) = postSolution
		{ED942921-9D58-4717-9A42-77FB1B767896}.Debug|Any CPU.ActiveCfg = Debug|Any CPU
		{ED942921-9D58-4717-9A42-77FB1B767896}.Debug|Any CPU.Build.0 = Debug|Any CPU
		{ED942921-9D58-4717-9A42-77FB1B767896}.Release|Any CPU.ActiveCfg = Release|Any CPU
		{ED942921-9D58-4717-9A42-77FB1B767896}.Release|Any CPU.Build.0 = Release|Any CPU
		{C5B6477D-A680-4180-90B3-04A30DD57AEC}.Debug|Any CPU.ActiveCfg = Debug|Any CPU
		{C5B6477D-A680-4180-90B3-04A30DD57AEC}.Debug|Any CPU.Build.0 = Debug|Any CPU
		{C5B6477D-A680-4180-90B3-04A30DD57AEC}.Release|Any CPU.ActiveCfg = Release|Any CPU
		{C5B6477D-A680-4180-90B3-04A30DD57AEC}.Release|Any CPU.Build.0 = Release|Any CPU
		{59EED1C1-1886-4CC3-A3C0-4B978B50037D}.Debug|Any CPU.ActiveCfg = Debug|Any CPU
		{59EED1C1-1886-4CC3-A3C0-4B978B50037D}.Debug|Any CPU.Build.0 = Debug|Any CPU
		{59EED1C1-1886-4CC3-A3C0-4B978B50037D}.Release|Any CPU.ActiveCfg = Release|Any CPU
		{59EED1C1-1886-4CC3-A3C0-4B978B50037D}.Release|Any CPU.Build.0 = Release|Any CPU
		{FDF749A5-A7C5-4C2F-A3D1-24CCA726B058}.Debug|Any CPU.ActiveCfg = Debug|Any CPU
		{FDF749A5-A7C5-4C2F-A3D1-24CCA726B058}.Debug|Any CPU.Build.0 = Debug|Any CPU
		{FDF749A5-A7C5-4C2F-A3D1-24CCA726B058}.Release|Any CPU.ActiveCfg = Release|Any CPU
		{FDF749A5-A7C5-4C2F-A3D1-24CCA726B058}.Release|Any CPU.Build.0 = Release|Any CPU
		{DDD99BF1-4258-4D27-812A-DB15740A1A04}.Debug|Any CPU.ActiveCfg = Debug|Any CPU
		{DDD99BF1-4258-4D27-812A-DB15740A1A04}.Debug|Any CPU.Build.0 = Debug|Any CPU
		{DDD99BF1-4258-4D27-812A-DB15740A1A04}.Release|Any CPU.ActiveCfg = Release|Any CPU
		{DDD99BF1-4258-4D27-812A-DB15740A1A04}.Release|Any CPU.Build.0 = Release|Any CPU
		{6212D520-89F9-4CB7-84E2-F3A437DFA874}.Debug|Any CPU.ActiveCfg = Debug|Any CPU
		{6212D520-89F9-4CB7-84E2-F3A437DFA874}.Debug|Any CPU.Build.0 = Debug|Any CPU
		{6212D520-89F9-4CB7-84E2-F3A437DFA874}.Release|Any CPU.ActiveCfg = Release|Any CPU
		{6212D520-89F9-4CB7-84E2-F3A437DFA874}.Release|Any CPU.Build.0 = Release|Any CPU
		{1769D4DD-0D0E-4D62-9C6E-375DB8F9616D}.Debug|Any CPU.ActiveCfg = Debug|Any CPU
		{1769D4DD-0D0E-4D62-9C6E-375DB8F9616D}.Debug|Any CPU.Build.0 = Debug|Any CPU
		{1769D4DD-0D0E-4D62-9C6E-375DB8F9616D}.Release|Any CPU.ActiveCfg = Release|Any CPU
		{1769D4DD-0D0E-4D62-9C6E-375DB8F9616D}.Release|Any CPU.Build.0 = Release|Any CPU
		{5191A2E7-E565-47E6-8F5A-8C504B3135C1}.Debug|Any CPU.ActiveCfg = Debug|Any CPU
		{5191A2E7-E565-47E6-8F5A-8C504B3135C1}.Debug|Any CPU.Build.0 = Debug|Any CPU
		{5191A2E7-E565-47E6-8F5A-8C504B3135C1}.Release|Any CPU.ActiveCfg = Release|Any CPU
		{5191A2E7-E565-47E6-8F5A-8C504B3135C1}.Release|Any CPU.Build.0 = Release|Any CPU
		{2B46F7C2-7DB0-4F6C-B7DE-4499471BFD82}.Debug|Any CPU.ActiveCfg = Debug|Any CPU
		{2B46F7C2-7DB0-4F6C-B7DE-4499471BFD82}.Debug|Any CPU.Build.0 = Debug|Any CPU
		{2B46F7C2-7DB0-4F6C-B7DE-4499471BFD82}.Release|Any CPU.ActiveCfg = Release|Any CPU
		{2B46F7C2-7DB0-4F6C-B7DE-4499471BFD82}.Release|Any CPU.Build.0 = Release|Any CPU
		{1D1C9907-AA90-45CB-89F2-D48F3FFE1D2E}.Debug|Any CPU.ActiveCfg = Debug|Any CPU
		{1D1C9907-AA90-45CB-89F2-D48F3FFE1D2E}.Debug|Any CPU.Build.0 = Debug|Any CPU
		{1D1C9907-AA90-45CB-89F2-D48F3FFE1D2E}.Release|Any CPU.ActiveCfg = Release|Any CPU
		{1D1C9907-AA90-45CB-89F2-D48F3FFE1D2E}.Release|Any CPU.Build.0 = Release|Any CPU
		{62B92503-F4EF-467C-B949-C3BA74F6BD02}.Debug|Any CPU.ActiveCfg = Debug|Any CPU
		{62B92503-F4EF-467C-B949-C3BA74F6BD02}.Debug|Any CPU.Build.0 = Debug|Any CPU
		{62B92503-F4EF-467C-B949-C3BA74F6BD02}.Release|Any CPU.ActiveCfg = Release|Any CPU
		{62B92503-F4EF-467C-B949-C3BA74F6BD02}.Release|Any CPU.Build.0 = Release|Any CPU
		{08F4B609-849C-4DB7-891B-EEA8EAD28862}.Debug|Any CPU.ActiveCfg = Debug|Any CPU
		{08F4B609-849C-4DB7-891B-EEA8EAD28862}.Debug|Any CPU.Build.0 = Debug|Any CPU
		{08F4B609-849C-4DB7-891B-EEA8EAD28862}.Release|Any CPU.ActiveCfg = Release|Any CPU
		{08F4B609-849C-4DB7-891B-EEA8EAD28862}.Release|Any CPU.Build.0 = Release|Any CPU
		{448766C3-536C-40C8-9248-23DE51374EAF}.Debug|Any CPU.ActiveCfg = Debug|Any CPU
		{448766C3-536C-40C8-9248-23DE51374EAF}.Debug|Any CPU.Build.0 = Debug|Any CPU
		{448766C3-536C-40C8-9248-23DE51374EAF}.Release|Any CPU.ActiveCfg = Release|Any CPU
		{448766C3-536C-40C8-9248-23DE51374EAF}.Release|Any CPU.Build.0 = Release|Any CPU
	EndGlobalSection
	GlobalSection(NestedProjects) = preSolution
		{DCC9D874-8EC5-42E6-9DD3-983AFA7094F6} = {2B4606D8-1C11-49F3-95C0-ECFC56DB560E}
		{59EED1C1-1886-4CC3-A3C0-4B978B50037D} = {DCC9D874-8EC5-42E6-9DD3-983AFA7094F6}
		{FDF749A5-A7C5-4C2F-A3D1-24CCA726B058} = {DCC9D874-8EC5-42E6-9DD3-983AFA7094F6}
		{DDD99BF1-4258-4D27-812A-DB15740A1A04} = {DCC9D874-8EC5-42E6-9DD3-983AFA7094F6}
		{6212D520-89F9-4CB7-84E2-F3A437DFA874} = {DCC9D874-8EC5-42E6-9DD3-983AFA7094F6}
		{1769D4DD-0D0E-4D62-9C6E-375DB8F9616D} = {DCC9D874-8EC5-42E6-9DD3-983AFA7094F6}
		{15117C33-8F47-47CA-BD74-2C55D0CCD4AD} = {2B4606D8-1C11-49F3-95C0-ECFC56DB560E}
		{5191A2E7-E565-47E6-8F5A-8C504B3135C1} = {15117C33-8F47-47CA-BD74-2C55D0CCD4AD}
		{2B46F7C2-7DB0-4F6C-B7DE-4499471BFD82} = {15117C33-8F47-47CA-BD74-2C55D0CCD4AD}
		{1D1C9907-AA90-45CB-89F2-D48F3FFE1D2E} = {15117C33-8F47-47CA-BD74-2C55D0CCD4AD}
		{62B92503-F4EF-467C-B949-C3BA74F6BD02} = {15117C33-8F47-47CA-BD74-2C55D0CCD4AD}
		{08F4B609-849C-4DB7-891B-EEA8EAD28862} = {15117C33-8F47-47CA-BD74-2C55D0CCD4AD}
		{448766C3-536C-40C8-9248-23DE51374EAF} = {2B4606D8-1C11-49F3-95C0-ECFC56DB560E}
	EndGlobalSection
EndGlobal
